
Microsoft Visual Studio Solution File, Format Version 12.00
# Visual Studio Version 17
VisualStudioVersion = 17.8.34511.84
MinimumVisualStudioVersion = 10.0.40219.1
Project("{FAE04EC0-301F-11D3-BF4B-00C04F79EFBC}") = "MyCodes", "MyCodes\MyCodes.csproj", "{6159D85E-0118-43E6-8341-0009F9CCAD59}"
EndProject
Global
	GlobalSection(SolutionConfigurationPlatforms) = preSolution
		Debug|Any CPU = Debug|Any CPU
		Release|Any CPU = Release|Any CPU
	EndGlobalSection
	GlobalSection(ProjectConfigurationPlatforms) = postSolution
		{6159D85E-0118-43E6-8341-0009F9CCAD59}.Debug|Any CPU.ActiveCfg = Debug|Any CPU
		{6159D85E-0118-43E6-8341-0009F9CCAD59}.Debug|Any CPU.Build.0 = Debug|Any CPU
		{6159D85E-0118-43E6-8341-0009F9CCAD59}.Release|Any CPU.ActiveCfg = Release|Any CPU
		{6159D85E-0118-43E6-8341-0009F9CCAD59}.Release|Any CPU.Build.0 = Release|Any CPU
	EndGlobalSection
	GlobalSection(SolutionProperties) = preSolution
		HideSolutionNode = FALSE
	EndGlobalSection
	GlobalSection(ExtensibilityGlobals) = postSolution
		SolutionGuid = {C493FF7A-B7AA-4A01-9B2A-11AC847BC8B1}
	EndGlobalSection
EndGlobal
